
Microsoft Visual Studio Solution File, Format Version 10.00
# Visual C++ Express 2008
Project("{8BC9CEB8-8B4A-11D0-8D11-00A0C91BC942}") = "fusn_test_error", "fusn_test_error\fusn_test_error.vcproj", "{9C827A92-0155-4100-A716-73BC3BDACD87}"
	ProjectSection(ProjectDependencies) = postProject
		{48E18784-5E44-4631-9CB1-08804319E607} = {48E18784-5E44-4631-9CB1-08804319E607}
		{D371E776-CC13-4163-B2E6-E7F5BA8C2292} = {D371E776-CC13-4163-B2E6-E7F5BA8C2292}
	EndProjectSection
EndProject
Project("{8BC9CEB8-8B4A-11D0-8D11-00A0C91BC942}") = "fusn_test_get_version", "fusn_test_get_version\fusn_test_get_version.vcproj", "{9367E633-DBBB-49A0-B8B7-25A781BCA703}"
	ProjectSection(ProjectDependencies) = postProject
		{48E18784-5E44-4631-9CB1-08804319E607} = {48E18784-5E44-4631-9CB1-08804319E607}
		{D371E776-CC13-4163-B2E6-E7F5BA8C2292} = {D371E776-CC13-4163-B2E6-E7F5BA8C2292}
	EndProjectSection
EndProject
Project("{8BC9CEB8-8B4A-11D0-8D11-00A0C91BC942}") = "libfdatetime", "libfdatetime\libfdatetime.vcproj", "{727D3463-1388-48C2-B015-9CA28A75EC0B}"
	ProjectSection(ProjectDependencies) = postProject
		{D371E776-CC13-4163-B2E6-E7F5BA8C2292} = {D371E776-CC13-4163-B2E6-E7F5BA8C2292}
		{0ACF45FE-DFA6-42EE-A21E-FC9EC9FA052C} = {0ACF45FE-DFA6-42EE-A21E-FC9EC9FA052C}
	EndProjectSection
EndProject
Project("{8BC9CEB8-8B4A-11D0-8D11-00A0C91BC942}") = "libfusn", "libfusn\libfusn.vcproj", "{48E18784-5E44-4631-9CB1-08804319E607}"
	ProjectSection(ProjectDependencies) = postProject
		{D371E776-CC13-4163-B2E6-E7F5BA8C2292} = {D371E776-CC13-4163-B2E6-E7F5BA8C2292}
		{0ACF45FE-DFA6-42EE-A21E-FC9EC9FA052C} = {0ACF45FE-DFA6-42EE-A21E-FC9EC9FA052C}
		{FAC17C7E-546B-45C0-9251-76ADD4FF8F85} = {FAC17C7E-546B-45C0-9251-76ADD4FF8F85}
		{1D37BB10-6113-4219-887F-6445D5BDC6AF} = {1D37BB10-6113-4219-887F-6445D5BDC6AF}
		{727D3463-1388-48C2-B015-9CA28A75EC0B} = {727D3463-1388-48C2-B015-9CA28A75EC0B}
	EndProjectSection
EndProject
Project("{8BC9CEB8-8B4A-11D0-8D11-00A0C91BC942}") = "libcstring", "libcstring\libcstring.vcproj", "{D371E776-CC13-4163-B2E6-E7F5BA8C2292}"
EndProject
Project("{8BC9CEB8-8B4A-11D0-8D11-00A0C91BC942}") = "libuna", "libuna\libuna.vcproj", "{1D37BB10-6113-4219-887F-6445D5BDC6AF}"
	ProjectSection(ProjectDependencies) = postProject
		{D371E776-CC13-4163-B2E6-E7F5BA8C2292} = {D371E776-CC13-4163-B2E6-E7F5BA8C2292}
		{0ACF45FE-DFA6-42EE-A21E-FC9EC9FA052C} = {0ACF45FE-DFA6-42EE-A21E-FC9EC9FA052C}
	EndProjectSection
EndProject
Project("{8BC9CEB8-8B4A-11D0-8D11-00A0C91BC942}") = "libcerror", "libcerror\libcerror.vcproj", "{0ACF45FE-DFA6-42EE-A21E-FC9EC9FA052C}"
	ProjectSection(ProjectDependencies) = postProject
		{D371E776-CC13-4163-B2E6-E7F5BA8C2292} = {D371E776-CC13-4163-B2E6-E7F5BA8C2292}
	EndProjectSection
EndProject
Project("{8BC9CEB8-8B4A-11D0-8D11-00A0C91BC942}") = "libcnotify", "libcnotify\libcnotify.vcproj", "{FAC17C7E-546B-45C0-9251-76ADD4FF8F85}"
	ProjectSection(ProjectDependencies) = postProject
		{D371E776-CC13-4163-B2E6-E7F5BA8C2292} = {D371E776-CC13-4163-B2E6-E7F5BA8C2292}
		{0ACF45FE-DFA6-42EE-A21E-FC9EC9FA052C} = {0ACF45FE-DFA6-42EE-A21E-FC9EC9FA052C}
	EndProjectSection
EndProject
Global
	GlobalSection(SolutionConfigurationPlatforms) = preSolution
		Release|Win32 = Release|Win32
		VSDebug|Win32 = VSDebug|Win32
	EndGlobalSection
	GlobalSection(ProjectConfigurationPlatforms) = postSolution
		{9C827A92-0155-4100-A716-73BC3BDACD87}.Release|Win32.ActiveCfg = Release|Win32
		{9C827A92-0155-4100-A716-73BC3BDACD87}.Release|Win32.Build.0 = Release|Win32
		{9C827A92-0155-4100-A716-73BC3BDACD87}.VSDebug|Win32.ActiveCfg = VSDebug|Win32
		{9C827A92-0155-4100-A716-73BC3BDACD87}.VSDebug|Win32.Build.0 = VSDebug|Win32
		{9367E633-DBBB-49A0-B8B7-25A781BCA703}.Release|Win32.ActiveCfg = Release|Win32
		{9367E633-DBBB-49A0-B8B7-25A781BCA703}.Release|Win32.Build.0 = Release|Win32
		{9367E633-DBBB-49A0-B8B7-25A781BCA703}.VSDebug|Win32.ActiveCfg = VSDebug|Win32
		{9367E633-DBBB-49A0-B8B7-25A781BCA703}.VSDebug|Win32.Build.0 = VSDebug|Win32
		{727D3463-1388-48C2-B015-9CA28A75EC0B}.Release|Win32.ActiveCfg = Release|Win32
		{727D3463-1388-48C2-B015-9CA28A75EC0B}.Release|Win32.Build.0 = Release|Win32
		{727D3463-1388-48C2-B015-9CA28A75EC0B}.VSDebug|Win32.ActiveCfg = VSDebug|Win32
		{727D3463-1388-48C2-B015-9CA28A75EC0B}.VSDebug|Win32.Build.0 = VSDebug|Win32
		{48E18784-5E44-4631-9CB1-08804319E607}.Release|Win32.ActiveCfg = Release|Win32
		{48E18784-5E44-4631-9CB1-08804319E607}.Release|Win32.Build.0 = Release|Win32
		{48E18784-5E44-4631-9CB1-08804319E607}.VSDebug|Win32.ActiveCfg = VSDebug|Win32
		{48E18784-5E44-4631-9CB1-08804319E607}.VSDebug|Win32.Build.0 = VSDebug|Win32
		{D371E776-CC13-4163-B2E6-E7F5BA8C2292}.Release|Win32.ActiveCfg = Release|Win32
		{D371E776-CC13-4163-B2E6-E7F5BA8C2292}.Release|Win32.Build.0 = Release|Win32
		{D371E776-CC13-4163-B2E6-E7F5BA8C2292}.VSDebug|Win32.ActiveCfg = VSDebug|Win32
		{D371E776-CC13-4163-B2E6-E7F5BA8C2292}.VSDebug|Win32.Build.0 = VSDebug|Win32
		{1D37BB10-6113-4219-887F-6445D5BDC6AF}.Release|Win32.ActiveCfg = Release|Win32
		{1D37BB10-6113-4219-887F-6445D5BDC6AF}.Release|Win32.Build.0 = Release|Win32
		{1D37BB10-6113-4219-887F-6445D5BDC6AF}.VSDebug|Win32.ActiveCfg = VSDebug|Win32
		{1D37BB10-6113-4219-887F-6445D5BDC6AF}.VSDebug|Win32.Build.0 = VSDebug|Win32
		{0ACF45FE-DFA6-42EE-A21E-FC9EC9FA052C}.Release|Win32.ActiveCfg = Release|Win32
		{0ACF45FE-DFA6-42EE-A21E-FC9EC9FA052C}.Release|Win32.Build.0 = Release|Win32
		{0ACF45FE-DFA6-42EE-A21E-FC9EC9FA052C}.VSDebug|Win32.ActiveCfg = VSDebug|Win32
		{0ACF45FE-DFA6-42EE-A21E-FC9EC9FA052C}.VSDebug|Win32.Build.0 = VSDebug|Win32
		{FAC17C7E-546B-45C0-9251-76ADD4FF8F85}.Release|Win32.ActiveCfg = Release|Win32
		{FAC17C7E-546B-45C0-9251-76ADD4FF8F85}.Release|Win32.Build.0 = Release|Win32
		{FAC17C7E-546B-45C0-9251-76ADD4FF8F85}.VSDebug|Win32.ActiveCfg = VSDebug|Win32
		{FAC17C7E-546B-45C0-9251-76ADD4FF8F85}.VSDebug|Win32.Build.0 = VSDebug|Win32
	EndGlobalSection
	GlobalSection(SolutionProperties) = preSolution
		HideSolutionNode = FALSE
	EndGlobalSection
EndGlobal
